
Microsoft Visual Studio Solution File, Format Version 12.00
# Visual Studio Version 16
VisualStudioVersion = 16.0.33529.622
MinimumVisualStudioVersion = 10.0.40219.1
Project("{FAE04EC0-301F-11D3-BF4B-00C04F79EFBC}") = "De01_img", "De01_img.csproj", "{2F0EEC56-A747-410B-8CA5-73EC37D128F1}"
EndProject
Global
	GlobalSection(SolutionConfigurationPlatforms) = preSolution
		Debug|Any CPU = Debug|Any CPU
		Release|Any CPU = Release|Any CPU
	EndGlobalSection
	GlobalSection(ProjectConfigurationPlatforms) = postSolution
		{2F0EEC56-A747-410B-8CA5-73EC37D128F1}.Debug|Any CPU.ActiveCfg = Debug|Any CPU
		{2F0EEC56-A747-410B-8CA5-73EC37D128F1}.Debug|Any CPU.Build.0 = Debug|Any CPU
		{2F0EEC56-A747-410B-8CA5-73EC37D128F1}.Release|Any CPU.ActiveCfg = Release|Any CPU
		{2F0EEC56-A747-410B-8CA5-73EC37D128F1}.Release|Any CPU.Build.0 = Release|Any CPU
	EndGlobalSection
	GlobalSection(SolutionProperties) = preSolution
		HideSolutionNode = FALSE
	EndGlobalSection
	GlobalSection(ExtensibilityGlobals) = postSolution
		SolutionGuid = {2D88A10D-8893-488E-BD06-6357A754A144}
	EndGlobalSection
EndGlobal
